
Microsoft Visual Studio Solution File, Format Version 12.00
# Visual Studio Version 16
VisualStudioVersion = 16.0.30907.101
MinimumVisualStudioVersion = 10.0.40219.1
Project("{FAE04EC0-301F-11D3-BF4B-00C04F79EFBC}") = "BotTest2", "BotTest2.csproj", "{949C6A5A-2433-40F8-91CD-37D69A914499}"
EndProject
Global
	GlobalSection(SolutionConfigurationPlatforms) = preSolution
		Debug|Any CPU = Debug|Any CPU
		Release|Any CPU = Release|Any CPU
	EndGlobalSection
	GlobalSection(ProjectConfigurationPlatforms) = postSolution
		{949C6A5A-2433-40F8-91CD-37D69A914499}.Debug|Any CPU.ActiveCfg = Debug|Any CPU
		{949C6A5A-2433-40F8-91CD-37D69A914499}.Debug|Any CPU.Build.0 = Debug|Any CPU
		{949C6A5A-2433-40F8-91CD-37D69A914499}.Release|Any CPU.ActiveCfg = Release|Any CPU
		{949C6A5A-2433-40F8-91CD-37D69A914499}.Release|Any CPU.Build.0 = Release|Any CPU
	EndGlobalSection
	GlobalSection(SolutionProperties) = preSolution
		HideSolutionNode = FALSE
	EndGlobalSection
	GlobalSection(ExtensibilityGlobals) = postSolution
		SolutionGuid = {2ED16563-D71D-49C8-8DE6-EF744CE8B401}
	EndGlobalSection
EndGlobal
